
Microsoft Visual Studio Solution File, Format Version 12.00
# Visual Studio Version 17
VisualStudioVersion = 17.5.33530.505
MinimumVisualStudioVersion = 10.0.40219.1
Project("{9A19103F-16F7-4668-BE54-9A1E7A4F7556}") = "Sculptor.DAL", "Sculptor.DAL\Sculptor.DAL.csproj", "{7EFA6E63-83B8-4D86-BA09-AF6A8CD67F8D}"
EndProject
Project("{FAE04EC0-301F-11D3-BF4B-00C04F79EFBC}") = "Sculptor.PL", "Sculptor.PL\Sculptor.PL.csproj", "{C38E716D-8778-4979-A73D-9B61392E27F0}"
EndProject
Project("{FAE04EC0-301F-11D3-BF4B-00C04F79EFBC}") = "Sculptor.BLL", "Sculptor.BLL\Sculptor.BLL.csproj", "{D1D65C73-0BC7-4545-B1C7-C278D16E94D0}"
EndProject
Global
	GlobalSection(SolutionConfigurationPlatforms) = preSolution
		Debug|Any CPU = Debug|Any CPU
		Release|Any CPU = Release|Any CPU
	EndGlobalSection
	GlobalSection(ProjectConfigurationPlatforms) = postSolution
		{7EFA6E63-83B8-4D86-BA09-AF6A8CD67F8D}.Debug|Any CPU.ActiveCfg = Debug|Any CPU
		{7EFA6E63-83B8-4D86-BA09-AF6A8CD67F8D}.Debug|Any CPU.Build.0 = Debug|Any CPU
		{7EFA6E63-83B8-4D86-BA09-AF6A8CD67F8D}.Release|Any CPU.ActiveCfg = Release|Any CPU
		{7EFA6E63-83B8-4D86-BA09-AF6A8CD67F8D}.Release|Any CPU.Build.0 = Release|Any CPU
		{C38E716D-8778-4979-A73D-9B61392E27F0}.Debug|Any CPU.ActiveCfg = Debug|Any CPU
		{C38E716D-8778-4979-A73D-9B61392E27F0}.Debug|Any CPU.Build.0 = Debug|Any CPU
		{C38E716D-8778-4979-A73D-9B61392E27F0}.Release|Any CPU.ActiveCfg = Release|Any CPU
		{C38E716D-8778-4979-A73D-9B61392E27F0}.Release|Any CPU.Build.0 = Release|Any CPU
		{D1D65C73-0BC7-4545-B1C7-C278D16E94D0}.Debug|Any CPU.ActiveCfg = Debug|Any CPU
		{D1D65C73-0BC7-4545-B1C7-C278D16E94D0}.Debug|Any CPU.Build.0 = Debug|Any CPU
		{D1D65C73-0BC7-4545-B1C7-C278D16E94D0}.Release|Any CPU.ActiveCfg = Release|Any CPU
		{D1D65C73-0BC7-4545-B1C7-C278D16E94D0}.Release|Any CPU.Build.0 = Release|Any CPU
	EndGlobalSection
	GlobalSection(SolutionProperties) = preSolution
		HideSolutionNode = FALSE
	EndGlobalSection
	GlobalSection(ExtensibilityGlobals) = postSolution
		SolutionGuid = {2065690E-E5C3-4DAF-9D1B-8962D2003829}
	EndGlobalSection
EndGlobal
